
Microsoft Visual Studio Solution File, Format Version 12.00
# Visual Studio 15
VisualStudioVersion = 15.0.27703.2035
MinimumVisualStudioVersion = 10.0.40219.1
Project("{FAE04EC0-301F-11D3-BF4B-00C04F79EFBC}") = "BUYLRevitAddin_2016", "BUYLRevitAddin\BUYLRevitAddin_2016.csproj", "{BD74321B-E580-4902-9ECE-F4CB0DD03711}"
EndProject
Project("{FAE04EC0-301F-11D3-BF4B-00C04F79EFBC}") = "BUYLTools", "BUYLTools\BUYLTools.csproj", "{EEB912E7-2006-4801-B39E-E2587E3BAF1F}"
EndProject
Project("{FAE04EC0-301F-11D3-BF4B-00C04F79EFBC}") = "BUYLRevit_2016", "BUYLRevit\BUYLRevit_2016.csproj", "{2657D9AB-6079-4CCE-AA5F-9EBC5B127E21}"
EndProject
Project("{FAE04EC0-301F-11D3-BF4B-00C04F79EFBC}") = "CafmConnect", "..\..\CAFM-Connect\Src\CafmConnect\CafmConnect.csproj", "{60FAB85F-D834-42D2-8F0A-D1D798B9A027}"
EndProject
Project("{FAE04EC0-301F-11D3-BF4B-00C04F79EFBC}") = "BUYLRevit_2017", "BUYLRevit\BUYLRevit_2017.csproj", "{3A962B68-12AC-4D50-9881-36E128F7DBC4}"
EndProject
Project("{FAE04EC0-301F-11D3-BF4B-00C04F79EFBC}") = "BUYLRevitAddin_2017", "BUYLRevitAddin\BUYLRevitAddin_2017.csproj", "{F6621DF5-A634-411A-A3C8-E7BDDB32162F}"
EndProject
Project("{FAE04EC0-301F-11D3-BF4B-00C04F79EFBC}") = "BUYLRevitAddin_2018", "BUYLRevitAddin\BUYLRevitAddin_2018.csproj", "{8A42DB7A-D4FD-42AF-8301-DBF104F61072}"
EndProject
Project("{FAE04EC0-301F-11D3-BF4B-00C04F79EFBC}") = "BUYLRevitAddin_2019", "BUYLRevitAddin\BUYLRevitAddin_2019.csproj", "{7E092FF2-E16B-464F-B946-1F40FDABD3A9}"
EndProject
Project("{FAE04EC0-301F-11D3-BF4B-00C04F79EFBC}") = "BUYLRevit_2018", "BUYLRevit\BUYLRevit_2018.csproj", "{B70A3BA8-E024-42AD-B428-50503B780684}"
EndProject
Project("{FAE04EC0-301F-11D3-BF4B-00C04F79EFBC}") = "BUYLRevit_2019", "BUYLRevit\BUYLRevit_2019.csproj", "{3E6FD40B-7E25-4517-9010-347A1F84F88B}"
EndProject
Project("{930C7802-8A8C-48F9-8165-68863BCCD9DD}") = "BYULRevitAddin", "BYULRevitAddin\BYULRevitAddin.wixproj", "{1AADCF9D-2E49-42B7-8F20-66F20634C624}"
EndProject
Project("{2150E333-8FDC-42A3-9474-1A3956D46DE8}") = "Solution Items", "Solution Items", "{773F0B71-17D8-4318-8D5C-9B92F6880727}"
	ProjectSection(SolutionItems) = preProject
		_eula\EULA_HPS.rtf = _eula\EULA_HPS.rtf
	EndProjectSection
EndProject
Global
	GlobalSection(SolutionConfigurationPlatforms) = preSolution
		Debug|Any CPU = Debug|Any CPU
		Debug|x86 = Debug|x86
		Release|Any CPU = Release|Any CPU
		Release|x86 = Release|x86
	EndGlobalSection
	GlobalSection(ProjectConfigurationPlatforms) = postSolution
		{BD74321B-E580-4902-9ECE-F4CB0DD03711}.Debug|Any CPU.ActiveCfg = Debug|Any CPU
		{BD74321B-E580-4902-9ECE-F4CB0DD03711}.Debug|Any CPU.Build.0 = Debug|Any CPU
		{BD74321B-E580-4902-9ECE-F4CB0DD03711}.Debug|x86.ActiveCfg = Debug|Any CPU
		{BD74321B-E580-4902-9ECE-F4CB0DD03711}.Debug|x86.Build.0 = Debug|Any CPU
		{BD74321B-E580-4902-9ECE-F4CB0DD03711}.Release|Any CPU.ActiveCfg = Release|Any CPU
		{BD74321B-E580-4902-9ECE-F4CB0DD03711}.Release|Any CPU.Build.0 = Release|Any CPU
		{BD74321B-E580-4902-9ECE-F4CB0DD03711}.Release|x86.ActiveCfg = Release|Any CPU
		{BD74321B-E580-4902-9ECE-F4CB0DD03711}.Release|x86.Build.0 = Release|Any CPU
		{EEB912E7-2006-4801-B39E-E2587E3BAF1F}.Debug|Any CPU.ActiveCfg = Debug|Any CPU
		{EEB912E7-2006-4801-B39E-E2587E3BAF1F}.Debug|Any CPU.Build.0 = Debug|Any CPU
		{EEB912E7-2006-4801-B39E-E2587E3BAF1F}.Debug|x86.ActiveCfg = Debug|Any CPU
		{EEB912E7-2006-4801-B39E-E2587E3BAF1F}.Debug|x86.Build.0 = Debug|Any CPU
		{EEB912E7-2006-4801-B39E-E2587E3BAF1F}.Release|Any CPU.ActiveCfg = Release|Any CPU
		{EEB912E7-2006-4801-B39E-E2587E3BAF1F}.Release|Any CPU.Build.0 = Release|Any CPU
		{EEB912E7-2006-4801-B39E-E2587E3BAF1F}.Release|x86.ActiveCfg = Release|Any CPU
		{EEB912E7-2006-4801-B39E-E2587E3BAF1F}.Release|x86.Build.0 = Release|Any CPU
		{2657D9AB-6079-4CCE-AA5F-9EBC5B127E21}.Debug|Any CPU.ActiveCfg = Debug|Any CPU
		{2657D9AB-6079-4CCE-AA5F-9EBC5B127E21}.Debug|Any CPU.Build.0 = Debug|Any CPU
		{2657D9AB-6079-4CCE-AA5F-9EBC5B127E21}.Debug|x86.ActiveCfg = Debug|Any CPU
		{2657D9AB-6079-4CCE-AA5F-9EBC5B127E21}.Debug|x86.Build.0 = Debug|Any CPU
		{2657D9AB-6079-4CCE-AA5F-9EBC5B127E21}.Release|Any CPU.ActiveCfg = Release|Any CPU
		{2657D9AB-6079-4CCE-AA5F-9EBC5B127E21}.Release|Any CPU.Build.0 = Release|Any CPU
		{2657D9AB-6079-4CCE-AA5F-9EBC5B127E21}.Release|x86.ActiveCfg = Release|Any CPU
		{2657D9AB-6079-4CCE-AA5F-9EBC5B127E21}.Release|x86.Build.0 = Release|Any CPU
		{60FAB85F-D834-42D2-8F0A-D1D798B9A027}.Debug|Any CPU.ActiveCfg = Debug|Any CPU
		{60FAB85F-D834-42D2-8F0A-D1D798B9A027}.Debug|Any CPU.Build.0 = Debug|Any CPU
		{60FAB85F-D834-42D2-8F0A-D1D798B9A027}.Debug|x86.ActiveCfg = Debug|Any CPU
		{60FAB85F-D834-42D2-8F0A-D1D798B9A027}.Release|Any CPU.ActiveCfg = Release|Any CPU
		{60FAB85F-D834-42D2-8F0A-D1D798B9A027}.Release|Any CPU.Build.0 = Release|Any CPU
		{60FAB85F-D834-42D2-8F0A-D1D798B9A027}.Release|x86.ActiveCfg = Release|Any CPU
		{3A962B68-12AC-4D50-9881-36E128F7DBC4}.Debug|Any CPU.ActiveCfg = Debug|Any CPU
		{3A962B68-12AC-4D50-9881-36E128F7DBC4}.Debug|Any CPU.Build.0 = Debug|Any CPU
		{3A962B68-12AC-4D50-9881-36E128F7DBC4}.Debug|x86.ActiveCfg = Debug|Any CPU
		{3A962B68-12AC-4D50-9881-36E128F7DBC4}.Debug|x86.Build.0 = Debug|Any CPU
		{3A962B68-12AC-4D50-9881-36E128F7DBC4}.Release|Any CPU.ActiveCfg = Release|Any CPU
		{3A962B68-12AC-4D50-9881-36E128F7DBC4}.Release|Any CPU.Build.0 = Release|Any CPU
		{3A962B68-12AC-4D50-9881-36E128F7DBC4}.Release|x86.ActiveCfg = Release|Any CPU
		{3A962B68-12AC-4D50-9881-36E128F7DBC4}.Release|x86.Build.0 = Release|Any CPU
		{F6621DF5-A634-411A-A3C8-E7BDDB32162F}.Debug|Any CPU.ActiveCfg = Debug|Any CPU
		{F6621DF5-A634-411A-A3C8-E7BDDB32162F}.Debug|Any CPU.Build.0 = Debug|Any CPU
		{F6621DF5-A634-411A-A3C8-E7BDDB32162F}.Debug|x86.ActiveCfg = Debug|Any CPU
		{F6621DF5-A634-411A-A3C8-E7BDDB32162F}.Debug|x86.Build.0 = Debug|Any CPU
		{F6621DF5-A634-411A-A3C8-E7BDDB32162F}.Release|Any CPU.ActiveCfg = Release|Any CPU
		{F6621DF5-A634-411A-A3C8-E7BDDB32162F}.Release|Any CPU.Build.0 = Release|Any CPU
		{F6621DF5-A634-411A-A3C8-E7BDDB32162F}.Release|x86.ActiveCfg = Release|Any CPU
		{F6621DF5-A634-411A-A3C8-E7BDDB32162F}.Release|x86.Build.0 = Release|Any CPU
		{8A42DB7A-D4FD-42AF-8301-DBF104F61072}.Debug|Any CPU.ActiveCfg = Debug|Any CPU
		{8A42DB7A-D4FD-42AF-8301-DBF104F61072}.Debug|Any CPU.Build.0 = Debug|Any CPU
		{8A42DB7A-D4FD-42AF-8301-DBF104F61072}.Debug|x86.ActiveCfg = Debug|Any CPU
		{8A42DB7A-D4FD-42AF-8301-DBF104F61072}.Debug|x86.Build.0 = Debug|Any CPU
		{8A42DB7A-D4FD-42AF-8301-DBF104F61072}.Release|Any CPU.ActiveCfg = Release|Any CPU
		{8A42DB7A-D4FD-42AF-8301-DBF104F61072}.Release|Any CPU.Build.0 = Release|Any CPU
		{8A42DB7A-D4FD-42AF-8301-DBF104F61072}.Release|x86.ActiveCfg = Release|Any CPU
		{8A42DB7A-D4FD-42AF-8301-DBF104F61072}.Release|x86.Build.0 = Release|Any CPU
		{7E092FF2-E16B-464F-B946-1F40FDABD3A9}.Debug|Any CPU.ActiveCfg = Debug|Any CPU
		{7E092FF2-E16B-464F-B946-1F40FDABD3A9}.Debug|Any CPU.Build.0 = Debug|Any CPU
		{7E092FF2-E16B-464F-B946-1F40FDABD3A9}.Debug|x86.ActiveCfg = Debug|Any CPU
		{7E092FF2-E16B-464F-B946-1F40FDABD3A9}.Debug|x86.Build.0 = Debug|Any CPU
		{7E092FF2-E16B-464F-B946-1F40FDABD3A9}.Release|Any CPU.ActiveCfg = Release|Any CPU
		{7E092FF2-E16B-464F-B946-1F40FDABD3A9}.Release|Any CPU.Build.0 = Release|Any CPU
		{7E092FF2-E16B-464F-B946-1F40FDABD3A9}.Release|x86.ActiveCfg = Release|Any CPU
		{7E092FF2-E16B-464F-B946-1F40FDABD3A9}.Release|x86.Build.0 = Release|Any CPU
		{B70A3BA8-E024-42AD-B428-50503B780684}.Debug|Any CPU.ActiveCfg = Debug|Any CPU
		{B70A3BA8-E024-42AD-B428-50503B780684}.Debug|Any CPU.Build.0 = Debug|Any CPU
		{B70A3BA8-E024-42AD-B428-50503B780684}.Debug|x86.ActiveCfg = Debug|Any CPU
		{B70A3BA8-E024-42AD-B428-50503B780684}.Debug|x86.Build.0 = Debug|Any CPU
		{B70A3BA8-E024-42AD-B428-50503B780684}.Release|Any CPU.ActiveCfg = Release|Any CPU
		{B70A3BA8-E024-42AD-B428-50503B780684}.Release|Any CPU.Build.0 = Release|Any CPU
		{B70A3BA8-E024-42AD-B428-50503B780684}.Release|x86.ActiveCfg = Release|Any CPU
		{B70A3BA8-E024-42AD-B428-50503B780684}.Release|x86.Build.0 = Release|Any CPU
		{3E6FD40B-7E25-4517-9010-347A1F84F88B}.Debug|Any CPU.ActiveCfg = Debug|Any CPU
		{3E6FD40B-7E25-4517-9010-347A1F84F88B}.Debug|Any CPU.Build.0 = Debug|Any CPU
		{3E6FD40B-7E25-4517-9010-347A1F84F88B}.Debug|x86.ActiveCfg = Debug|Any CPU
		{3E6FD40B-7E25-4517-9010-347A1F84F88B}.Debug|x86.Build.0 = Debug|Any CPU
		{3E6FD40B-7E25-4517-9010-347A1F84F88B}.Release|Any CPU.ActiveCfg = Release|Any CPU
		{3E6FD40B-7E25-4517-9010-347A1F84F88B}.Release|Any CPU.Build.0 = Release|Any CPU
		{3E6FD40B-7E25-4517-9010-347A1F84F88B}.Release|x86.ActiveCfg = Release|Any CPU
		{3E6FD40B-7E25-4517-9010-347A1F84F88B}.Release|x86.Build.0 = Release|Any CPU
		{1AADCF9D-2E49-42B7-8F20-66F20634C624}.Debug|Any CPU.ActiveCfg = Debug|x86
		{1AADCF9D-2E49-42B7-8F20-66F20634C624}.Debug|x86.ActiveCfg = Debug|x86
		{1AADCF9D-2E49-42B7-8F20-66F20634C624}.Debug|x86.Build.0 = Debug|x86
		{1AADCF9D-2E49-42B7-8F20-66F20634C624}.Release|Any CPU.ActiveCfg = Release|x86
		{1AADCF9D-2E49-42B7-8F20-66F20634C624}.Release|x86.ActiveCfg = Release|x86
		{1AADCF9D-2E49-42B7-8F20-66F20634C624}.Release|x86.Build.0 = Release|x86
	EndGlobalSection
	GlobalSection(SolutionProperties) = preSolution
		HideSolutionNode = FALSE
	EndGlobalSection
	GlobalSection(ExtensibilityGlobals) = postSolution
		SolutionGuid = {BC948A64-0EF8-40DD-A251-90F1C59162CA}
	EndGlobalSection
EndGlobal
